// !$*UTF8*$!
{
	archiveVersion = 1;
	classes = {
	};
	objectVersion = 46;
	objects = {

/* Begin PBXBuildFile section */
		FC4CDCFF1D5E155A00C96F52 /* AppDelegate.swift in Sources */ = {isa = PBXBuildFile; fileRef = FC4CDCFE1D5E155A00C96F52 /* AppDelegate.swift */; };
		FC4CDD011D5E155A00C96F52 /* ViewController.swift in Sources */ = {isa = PBXBuildFile; fileRef = FC4CDD001D5E155A00C96F52 /* ViewController.swift */; };
		FC4CDD041D5E155A00C96F52 /* Main.storyboard in Resources */ = {isa = PBXBuildFile; fileRef = FC4CDD021D5E155A00C96F52 /* Main.storyboard */; };
		FC4CDD061D5E155A00C96F52 /* Assets.xcassets in Resources */ = {isa = PBXBuildFile; fileRef = FC4CDD051D5E155A00C96F52 /* Assets.xcassets */; };
		FC4CDD091D5E155A00C96F52 /* LaunchScreen.storyboard in Resources */ = {isa = PBXBuildFile; fileRef = FC4CDD071D5E155A00C96F52 /* LaunchScreen.storyboard */; };
		FC4CDD141D5E155A00C96F52 /* MusicVideoTests.swift in Sources */ = {isa = PBXBuildFile; fileRef = FC4CDD131D5E155A00C96F52 /* MusicVideoTests.swift */; };
		FC4CDD1F1D5E155B00C96F52 /* MusicVideoUITests.swift in Sources */ = {isa = PBXBuildFile; fileRef = FC4CDD1E1D5E155B00C96F52 /* MusicVideoUITests.swift */; };
/* End PBXBuildFile section */

/* Begin PBXContainerItemProxy section */
		FC4CDD101D5E155A00C96F52 /* PBXContainerItemProxy */ = {
			isa = PBXContainerItemProxy;
			containerPortal = FC4CDCF31D5E155A00C96F52 /* Project object */;
			proxyType = 1;
			remoteGlobalIDString = FC4CDCFA1D5E155A00C96F52;
			remoteInfo = MusicVideo;
		};
		FC4CDD1B1D5E155B00C96F52 /* PBXContainerItemProxy */ = {
			isa = PBXContainerItemProxy;
			containerPortal = FC4CDCF31D5E155A00C96F52 /* Project object */;
			proxyType = 1;
			remoteGlobalIDString = FC4CDCFA1D5E155A00C96F52;
			remoteInfo = MusicVideo;
		};
/* End PBXContainerItemProxy section */

/* Begin PBXFileReference section */
		FC4CDCFB1D5E155A00C96F52 /* MusicVideo.app */ = {isa = PBXFileReference; explicitFileType = wrapper.application; includeInIndex = 0; path = MusicVideo.app; sourceTree = BUILT_PRODUCTS_DIR; };
		FC4CDCFE1D5E155A00C96F52 /* AppDelegate.swift */ = {isa = PBXFileReference; lastKnownFileType = sourcecode.swift; path = AppDelegate.swift; sourceTree = "<group>"; };
		FC4CDD001D5E155A00C96F52 /* ViewController.swift */ = {isa = PBXFileReference; lastKnownFileType = sourcecode.swift; path = ViewController.swift; sourceTree = "<group>"; };
		FC4CDD031D5E155A00C96F52 /* Base */ = {isa = PBXFileReference; lastKnownFileType = file.storyboard; name = Base; path = Base.lproj/Main.storyboard; sourceTree = "<group>"; };
		FC4CDD051D5E155A00C96F52 /* Assets.xcassets */ = {isa = PBXFileReference; lastKnownFileType = folder.assetcatalog; path = Assets.xcassets; sourceTree = "<group>"; };
		FC4CDD081D5E155A00C96F52 /* Base */ = {isa = PBXFileReference; lastKnownFileType = file.storyboard; name = Base; path = Base.lproj/LaunchScreen.storyboard; sourceTree = "<group>"; };
		FC4CDD0A1D5E155A00C96F52 /* Info.plist */ = {isa = PBXFileReference; lastKnownFileType = text.plist.xml; path = Info.plist; sourceTree = "<group>"; };
		FC4CDD0F1D5E155A00C96F52 /* MusicVideoTests.xctest */ = {isa = PBXFileReference; explicitFileType = wrapper.cfbundle; includeInIndex = 0; path = MusicVideoTests.xctest; sourceTree = BUILT_PRODUCTS_DIR; };
		FC4CDD131D5E155A00C96F52 /* MusicVideoTests.swift */ = {isa = PBXFileReference; lastKnownFileType = sourcecode.swift; path = MusicVideoTests.swift; sourceTree = "<group>"; };
		FC4CDD151D5E155A00C96F52 /* Info.plist */ = {isa = PBXFileReference; lastKnownFileType = text.plist.xml; path = Info.plist; sourceTree = "<group>"; };
		FC4CDD1A1D5E155A00C96F52 /* MusicVideoUITests.xctest */ = {isa = PBXFileReference; explicitFileType = wrapper.cfbundle; includeInIndex = 0; path = MusicVideoUITests.xctest; sourceTree = BUILT_PRODUCTS_DIR; };
		FC4CDD1E1D5E155B00C96F52 /* MusicVideoUITests.swift */ = {isa = PBXFileReference; lastKnownFileType = sourcecode.swift; path = MusicVideoUITests.swift; sourceTree = "<group>"; };
		FC4CDD201D5E155B00C96F52 /* Info.plist */ = {isa = PBXFileReference; lastKnownFileType = text.plist.xml; path = Info.plist; sourceTree = "<group>"; };
/* End PBXFileReference section */

/* Begin PBXFrameworksBuildPhase section */
		FC4CDCF81D5E155A00C96F52 /* Frameworks */ = {
			isa = PBXFrameworksBuildPhase;
			buildActionMask = 2147483647;
			files = (
			);
			runOnlyForDeploymentPostprocessing = 0;
		};
		FC4CDD0C1D5E155A00C96F52 /* Frameworks */ = {
			isa = PBXFrameworksBuildPhase;
			buildActionMask = 2147483647;
			files = (
			);
			runOnlyForDeploymentPostprocessing = 0;
		};
		FC4CDD171D5E155A00C96F52 /* Frameworks */ = {
			isa = PBXFrameworksBuildPhase;
			buildActionMask = 2147483647;
			files = (
			);
			runOnlyForDeploymentPostprocessing = 0;
		};
/* End PBXFrameworksBuildPhase section */

/* Begin PBXGroup section */
		FC48FDCB1D5F234200829D57 /* Model */ = {
			isa = PBXGroup;
			children = (
			);
			name = Model;
			sourceTree = "<group>";
		};
		FC48FDCC1D5F236E00829D57 /* Controller */ = {
			isa = PBXGroup;
			children = (
				FC4CDD001D5E155A00C96F52 /* ViewController.swift */,
			);
			name = Controller;
			sourceTree = "<group>";
		};
		FC48FDCD1D5F238C00829D57 /* View */ = {
			isa = PBXGroup;
			children = (
				FC4CDD021D5E155A00C96F52 /* Main.storyboard */,
				FC4CDD071D5E155A00C96F52 /* LaunchScreen.storyboard */,
			);
			name = View;
			sourceTree = "<group>";
		};
		FC48FDCE1D5F23C500829D57 /* Supporting files */ = {
			isa = PBXGroup;
			children = (
				FC4CDD051D5E155A00C96F52 /* Assets.xcassets */,
				FC4CDCFE1D5E155A00C96F52 /* AppDelegate.swift */,
				FC4CDD0A1D5E155A00C96F52 /* Info.plist */,
			);
			name = "Supporting files";
			sourceTree = "<group>";
		};
		FC4CDCF21D5E155A00C96F52 = {
			isa = PBXGroup;
			children = (
				FC4CDCFD1D5E155A00C96F52 /* MusicVideo */,
				FC4CDD121D5E155A00C96F52 /* MusicVideoTests */,
				FC4CDD1D1D5E155B00C96F52 /* MusicVideoUITests */,
				FC4CDCFC1D5E155A00C96F52 /* Products */,
			);
			sourceTree = "<group>";
		};
		FC4CDCFC1D5E155A00C96F52 /* Products */ = {
			isa = PBXGroup;
			children = (
				FC4CDCFB1D5E155A00C96F52 /* MusicVideo.app */,
				FC4CDD0F1D5E155A00C96F52 /* MusicVideoTests.xctest */,
				FC4CDD1A1D5E155A00C96F52 /* MusicVideoUITests.xctest */,
			);
			name = Products;
			sourceTree = "<group>";
		};
		FC4CDCFD1D5E155A00C96F52 /* MusicVideo */ = {
			isa = PBXGroup;
			children = (
				FC48FDCE1D5F23C500829D57 /* Supporting files */,
				FC48FDCB1D5F234200829D57 /* Model */,
				FC48FDCC1D5F236E00829D57 /* Controller */,
				FC48FDCD1D5F238C00829D57 /* View */,
			);
			path = MusicVideo;
			sourceTree = "<group>";
		};
		FC4CDD121D5E155A00C96F52 /* MusicVideoTests */ = {
			isa = PBXGroup;
			children = (
				FC4CDD131D5E155A00C96F52 /* MusicVideoTests.swift */,
				FC4CDD151D5E155A00C96F52 /* Info.plist */,
			);
			path = MusicVideoTests;
			sourceTree = "<group>";
		};
		FC4CDD1D1D5E155B00C96F52 /* MusicVideoUITests */ = {
			isa = PBXGroup;
			children = (
				FC4CDD1E1D5E155B00C96F52 /* MusicVideoUITests.swift */,
				FC4CDD201D5E155B00C96F52 /* Info.plist */,
			);
			path = MusicVideoUITests;
			sourceTree = "<group>";
		};
/* End PBXGroup section */

/* Begin PBXNativeTarget section */
		FC4CDCFA1D5E155A00C96F52 /* MusicVideo */ = {
			isa = PBXNativeTarget;
			buildConfigurationList = FC4CDD231D5E155B00C96F52 /* Build configuration list for PBXNativeTarget "MusicVideo" */;
			buildPhases = (
				FC4CDCF71D5E155A00C96F52 /* Sources */,
				FC4CDCF81D5E155A00C96F52 /* Frameworks */,
				FC4CDCF91D5E155A00C96F52 /* Resources */,
			);
			buildRules = (
			);
			dependencies = (
			);
			name = MusicVideo;
			productName = MusicVideo;
			productReference = FC4CDCFB1D5E155A00C96F52 /* MusicVideo.app */;
			productType = "com.apple.product-type.application";
		};
		FC4CDD0E1D5E155A00C96F52 /* MusicVideoTests */ = {
			isa = PBXNativeTarget;
			buildConfigurationList = FC4CDD261D5E155B00C96F52 /* Build configuration list for PBXNativeTarget "MusicVideoTests" */;
			buildPhases = (
				FC4CDD0B1D5E155A00C96F52 /* Sources */,
				FC4CDD0C1D5E155A00C96F52 /* Frameworks */,
				FC4CDD0D1D5E155A00C96F52 /* Resources */,
			);
			buildRules = (
			);
			dependencies = (
				FC4CDD111D5E155A00C96F52 /* PBXTargetDependency */,
			);
			name = MusicVideoTests;
			productName = MusicVideoTests;
			productReference = FC4CDD0F1D5E155A00C96F52 /* MusicVideoTests.xctest */;
			productType = "com.apple.product-type.bundle.unit-test";
		};
		FC4CDD191D5E155A00C96F52 /* MusicVideoUITests */ = {
			isa = PBXNativeTarget;
			buildConfigurationList = FC4CDD291D5E155B00C96F52 /* Build configuration list for PBXNativeTarget "MusicVideoUITests" */;
			buildPhases = (
				FC4CDD161D5E155A00C96F52 /* Sources */,
				FC4CDD171D5E155A00C96F52 /* Frameworks */,
				FC4CDD181D5E155A00C96F52 /* Resources */,
			);
			buildRules = (
			);
			dependencies = (
				FC4CDD1C1D5E155B00C96F52 /* PBXTargetDependency */,
			);
			name = MusicVideoUITests;
			productName = MusicVideoUITests;
			productReference = FC4CDD1A1D5E155A00C96F52 /* MusicVideoUITests.xctest */;
			productType = "com.apple.product-type.bundle.ui-testing";
		};
/* End PBXNativeTarget section */

/* Begin PBXProject section */
		FC4CDCF31D5E155A00C96F52 /* Project object */ = {
			isa = PBXProject;
			attributes = {
				LastSwiftUpdateCheck = 0730;
				LastUpgradeCheck = 0730;
				ORGANIZATIONNAME = "Simone Arletti";
				TargetAttributes = {
					FC4CDCFA1D5E155A00C96F52 = {
						CreatedOnToolsVersion = 7.3.1;
						SystemCapabilities = {
							com.apple.Maps.iOS = {
								enabled = 0;
							};
						};
					};
					FC4CDD0E1D5E155A00C96F52 = {
						CreatedOnToolsVersion = 7.3.1;
						TestTargetID = FC4CDCFA1D5E155A00C96F52;
					};
					FC4CDD191D5E155A00C96F52 = {
						CreatedOnToolsVersion = 7.3.1;
						TestTargetID = FC4CDCFA1D5E155A00C96F52;
					};
				};
			};
			buildConfigurationList = FC4CDCF61D5E155A00C96F52 /* Build configuration list for PBXProject "MusicVideo" */;
			compatibilityVersion = "Xcode 3.2";
			developmentRegion = English;
			hasScannedForEncodings = 0;
			knownRegions = (
				en,
				Base,
			);
			mainGroup = FC4CDCF21D5E155A00C96F52;
			productRefGroup = FC4CDCFC1D5E155A00C96F52 /* Products */;
			projectDirPath = "";
			projectRoot = "";
			targets = (
				FC4CDCFA1D5E155A00C96F52 /* MusicVideo */,
				FC4CDD0E1D5E155A00C96F52 /* MusicVideoTests */,
				FC4CDD191D5E155A00C96F52 /* MusicVideoUITests */,
			);
		};
/* End PBXProject section */

/* Begin PBXResourcesBuildPhase section */
		FC4CDCF91D5E155A00C96F52 /* Resources */ = {
			isa = PBXResourcesBuildPhase;
			buildActionMask = 2147483647;
			files = (
				FC4CDD091D5E155A00C96F52 /* LaunchScreen.storyboard in Resources */,
				FC4CDD061D5E155A00C96F52 /* Assets.xcassets in Resources */,
				FC4CDD041D5E155A00C96F52 /* Main.storyboard in Resources */,
			);
			runOnlyForDeploymentPostprocessing = 0;
		};
		FC4CDD0D1D5E155A00C96F52 /* Resources */ = {
			isa = PBXResourcesBuildPhase;
			buildActionMask = 2147483647;
			files = (
			);
			runOnlyForDeploymentPostprocessing = 0;
		};
		FC4CDD181D5E155A00C96F52 /* Resources */ = {
			isa = PBXResourcesBuildPhase;
			buildActionMask = 2147483647;
			files = (
			);
			runOnlyForDeploymentPostprocessing = 0;
		};
/* End PBXResourcesBuildPhase section */

/* Begin PBXSourcesBuildPhase section */
		FC4CDCF71D5E155A00C96F52 /* Sources */ = {
			isa = PBXSourcesBuildPhase;
			buildActionMask = 2147483647;
			files = (
				FC4CDD011D5E155A00C96F52 /* ViewController.swift in Sources */,
				FC4CDCFF1D5E155A00C96F52 /* AppDelegate.swift in Sources */,
			);
			runOnlyForDeploymentPostprocessing = 0;
		};
		FC4CDD0B1D5E155A00C96F52 /* Sources */ = {
			isa = PBXSourcesBuildPhase;
			buildActionMask = 2147483647;
			files = (
				FC4CDD141D5E155A00C96F52 /* MusicVideoTests.swift in Sources */,
			);
			runOnlyForDeploymentPostprocessing = 0;
		};
		FC4CDD161D5E155A00C96F52 /* Sources */ = {
			isa = PBXSourcesBuildPhase;
			buildActionMask = 2147483647;
			files = (
				FC4CDD1F1D5E155B00C96F52 /* MusicVideoUITests.swift in Sources */,
			);
			runOnlyForDeploymentPostprocessing = 0;
		};
/* End PBXSourcesBuildPhase section */

/* Begin PBXTargetDependency section */
		FC4CDD111D5E155A00C96F52 /* PBXTargetDependency */ = {
			isa = PBXTargetDependency;
			target = FC4CDCFA1D5E155A00C96F52 /* MusicVideo */;
			targetProxy = FC4CDD101D5E155A00C96F52 /* PBXContainerItemProxy */;
		};
		FC4CDD1C1D5E155B00C96F52 /* PBXTargetDependency */ = {
			isa = PBXTargetDependency;
			target = FC4CDCFA1D5E155A00C96F52 /* MusicVideo */;
			targetProxy = FC4CDD1B1D5E155B00C96F52 /* PBXContainerItemProxy */;
		};
/* End PBXTargetDependency section */

/* Begin PBXVariantGroup section */
		FC4CDD021D5E155A00C96F52 /* Main.storyboard */ = {
			isa = PBXVariantGroup;
			children = (
				FC4CDD031D5E155A00C96F52 /* Base */,
			);
			name = Main.storyboard;
			sourceTree = "<group>";
		};
		FC4CDD071D5E155A00C96F52 /* LaunchScreen.storyboard */ = {
			isa = PBXVariantGroup;
			children = (
				FC4CDD081D5E155A00C96F52 /* Base */,
			);
			name = LaunchScreen.storyboard;
			sourceTree = "<group>";
		};
/* End PBXVariantGroup section */

/* Begin XCBuildConfiguration section */
		FC4CDD211D5E155B00C96F52 /* Debug */ = {
			isa = XCBuildConfiguration;
			buildSettings = {
				ALWAYS_SEARCH_USER_PATHS = NO;
				CLANG_ANALYZER_NONNULL = YES;
				CLANG_CXX_LANGUAGE_STANDARD = "gnu++0x";
				CLANG_CXX_LIBRARY = "libc++";
				CLANG_ENABLE_MODULES = YES;
				CLANG_ENABLE_OBJC_ARC = YES;
				CLANG_WARN_BOOL_CONVERSION = YES;
				CLANG_WARN_CONSTANT_CONVERSION = YES;
				CLANG_WARN_DIRECT_OBJC_ISA_USAGE = YES_ERROR;
				CLANG_WARN_EMPTY_BODY = YES;
				CLANG_WARN_ENUM_CONVERSION = YES;
				CLANG_WARN_INT_CONVERSION = YES;
				CLANG_WARN_OBJC_ROOT_CLASS = YES_ERROR;
				CLANG_WARN_UNREACHABLE_CODE = YES;
				CLANG_WARN__DUPLICATE_METHOD_MATCH = YES;
				"CODE_SIGN_IDENTITY[sdk=iphoneos*]" = "iPhone Developer";
				COPY_PHASE_STRIP = NO;
				DEBUG_INFORMATION_FORMAT = dwarf;
				ENABLE_STRICT_OBJC_MSGSEND = YES;
				ENABLE_TESTABILITY = YES;
				GCC_C_LANGUAGE_STANDARD = gnu99;
				GCC_DYNAMIC_NO_PIC = NO;
				GCC_NO_COMMON_BLOCKS = YES;
				GCC_OPTIMIZATION_LEVEL = 0;
				GCC_PREPROCESSOR_DEFINITIONS = (
					"DEBUG=1",
					"$(inherited)",
				);
				GCC_WARN_64_TO_32_BIT_CONVERSION = YES;
				GCC_WARN_ABOUT_RETURN_TYPE = YES_ERROR;
				GCC_WARN_UNDECLARED_SELECTOR = YES;
				GCC_WARN_UNINITIALIZED_AUTOS = YES_AGGRESSIVE;
				GCC_WARN_UNUSED_FUNCTION = YES;
				GCC_WARN_UNUSED_VARIABLE = YES;
				IPHONEOS_DEPLOYMENT_TARGET = 9.3;
				MTL_ENABLE_DEBUG_INFO = YES;
				ONLY_ACTIVE_ARCH = YES;
				SDKROOT = iphoneos;
				SWIFT_OPTIMIZATION_LEVEL = "-Onone";
			};
			name = Debug;
		};
		FC4CDD221D5E155B00C96F52 /* Release */ = {
			isa = XCBuildConfiguration;
			buildSettings = {
				ALWAYS_SEARCH_USER_PATHS = NO;
				CLANG_ANALYZER_NONNULL = YES;
				CLANG_CXX_LANGUAGE_STANDARD = "gnu++0x";
				CLANG_CXX_LIBRARY = "libc++";
				CLANG_ENABLE_MODULES = YES;
				CLANG_ENABLE_OBJC_ARC = YES;
				CLANG_WARN_BOOL_CONVERSION = YES;
				CLANG_WARN_CONSTANT_CONVERSION = YES;
				CLANG_WARN_DIRECT_OBJC_ISA_USAGE = YES_ERROR;
				CLANG_WARN_EMPTY_BODY = YES;
				CLANG_WARN_ENUM_CONVERSION = YES;
				CLANG_WARN_INT_CONVERSION = YES;
				CLANG_WARN_OBJC_ROOT_CLASS = YES_ERROR;
				CLANG_WARN_UNREACHABLE_CODE = YES;
				CLANG_WARN__DUPLICATE_METHOD_MATCH = YES;
				"CODE_SIGN_IDENTITY[sdk=iphoneos*]" = "iPhone Developer";
				COPY_PHASE_STRIP = NO;
				DEBUG_INFORMATION_FORMAT = "dwarf-with-dsym";
				ENABLE_NS_ASSERTIONS = NO;
				ENABLE_STRICT_OBJC_MSGSEND = YES;
				GCC_C_LANGUAGE_STANDARD = gnu99;
				GCC_NO_COMMON_BLOCKS = YES;
				GCC_WARN_64_TO_32_BIT_CONVERSION = YES;
				GCC_WARN_ABOUT_RETURN_TYPE = YES_ERROR;
				GCC_WARN_UNDECLARED_SELECTOR = YES;
				GCC_WARN_UNINITIALIZED_AUTOS = YES_AGGRESSIVE;
				GCC_WARN_UNUSED_FUNCTION = YES;
				GCC_WARN_UNUSED_VARIABLE = YES;
				IPHONEOS_DEPLOYMENT_TARGET = 9.3;
				MTL_ENABLE_DEBUG_INFO = NO;
				SDKROOT = iphoneos;
				VALIDATE_PRODUCT = YES;
			};
			name = Release;
		};
		FC4CDD241D5E155B00C96F52 /* Debug */ = {
			isa = XCBuildConfiguration;
			buildSettings = {
				ASSETCATALOG_COMPILER_APPICON_NAME = AppIcon;
				INFOPLIST_FILE = MusicVideo/Info.plist;
				LD_RUNPATH_SEARCH_PATHS = "$(inherited) @executable_path/Frameworks";
				PRODUCT_BUNDLE_IDENTIFIER = com.simonearletti.MusicVideo;
				PRODUCT_NAME = "$(TARGET_NAME)";
			};
			name = Debug;
		};
		FC4CDD251D5E155B00C96F52 /* Release */ = {
			isa = XCBuildConfiguration;
			buildSettings = {
				ASSETCATALOG_COMPILER_APPICON_NAME = AppIcon;
				INFOPLIST_FILE = MusicVideo/Info.plist;
				LD_RUNPATH_SEARCH_PATHS = "$(inherited) @executable_path/Frameworks";
				PRODUCT_BUNDLE_IDENTIFIER = com.simonearletti.MusicVideo;
				PRODUCT_NAME = "$(TARGET_NAME)";
			};
			name = Release;
		};
		FC4CDD271D5E155B00C96F52 /* Debug */ = {
			isa = XCBuildConfiguration;
			buildSettings = {
				BUNDLE_LOADER = "$(TEST_HOST)";
				INFOPLIST_FILE = MusicVideoTests/Info.plist;
				LD_RUNPATH_SEARCH_PATHS = "$(inherited) @executable_path/Frameworks @loader_path/Frameworks";
				PRODUCT_BUNDLE_IDENTIFIER = com.simonearletti.MusicVideoTests;
				PRODUCT_NAME = "$(TARGET_NAME)";
				TEST_HOST = "$(BUILT_PRODUCTS_DIR)/MusicVideo.app/MusicVideo";
			};
			name = Debug;
		};
		FC4CDD281D5E155B00C96F52 /* Release */ = {
			isa = XCBuildConfiguration;
			buildSettings = {
				BUNDLE_LOADER = "$(TEST_HOST)";
				INFOPLIST_FILE = MusicVideoTests/Info.plist;
				LD_RUNPATH_SEARCH_PATHS = "$(inherited) @executable_path/Frameworks @loader_path/Frameworks";
				PRODUCT_BUNDLE_IDENTIFIER = com.simonearletti.MusicVideoTests;
				PRODUCT_NAME = "$(TARGET_NAME)";
				TEST_HOST = "$(BUILT_PRODUCTS_DIR)/MusicVideo.app/MusicVideo";
			};
			name = Release;
		};
		FC4CDD2A1D5E155B00C96F52 /* Debug */ = {
			isa = XCBuildConfiguration;
			buildSettings = {
				INFOPLIST_FILE = MusicVideoUITests/Info.plist;
				LD_RUNPATH_SEARCH_PATHS = "$(inherited) @executable_path/Frameworks @loader_path/Frameworks";
				PRODUCT_BUNDLE_IDENTIFIER = com.simonearletti.MusicVideoUITests;
				PRODUCT_NAME = "$(TARGET_NAME)";
				TEST_TARGET_NAME = MusicVideo;
			};
			name = Debug;
		};
		FC4CDD2B1D5E155B00C96F52 /* Release */ = {
			isa = XCBuildConfiguration;
			buildSettings = {
				INFOPLIST_FILE = MusicVideoUITests/Info.plist;
				LD_RUNPATH_SEARCH_PATHS = "$(inherited) @executable_path/Frameworks @loader_path/Frameworks";
				PRODUCT_BUNDLE_IDENTIFIER = com.simonearletti.MusicVideoUITests;
				PRODUCT_NAME = "$(TARGET_NAME)";
				TEST_TARGET_NAME = MusicVideo;
			};
			name = Release;
		};
/* End XCBuildConfiguration section */

/* Begin XCConfigurationList section */
		FC4CDCF61D5E155A00C96F52 /* Build configuration list for PBXProject "MusicVideo" */ = {
			isa = XCConfigurationList;
			buildConfigurations = (
				FC4CDD211D5E155B00C96F52 /* Debug */,
				FC4CDD221D5E155B00C96F52 /* Release */,
			);
			defaultConfigurationIsVisible = 0;
			defaultConfigurationName = Release;
		};
		FC4CDD231D5E155B00C96F52 /* Build configuration list for PBXNativeTarget "MusicVideo" */ = {
			isa = XCConfigurationList;
			buildConfigurations = (
				FC4CDD241D5E155B00C96F52 /* Debug */,
				FC4CDD251D5E155B00C96F52 /* Release */,
			);
			defaultConfigurationIsVisible = 0;
			defaultConfigurationName = Release;
		};
		FC4CDD261D5E155B00C96F52 /* Build configuration list for PBXNativeTarget "MusicVideoTests" */ = {
			isa = XCConfigurationList;
			buildConfigurations = (
				FC4CDD271D5E155B00C96F52 /* Debug */,
				FC4CDD281D5E155B00C96F52 /* Release */,
			);
			defaultConfigurationIsVisible = 0;
			defaultConfigurationName = Release;
		};
		FC4CDD291D5E155B00C96F52 /* Build configuration list for PBXNativeTarget "MusicVideoUITests" */ = {
			isa = XCConfigurationList;
			buildConfigurations = (
				FC4CDD2A1D5E155B00C96F52 /* Debug */,
				FC4CDD2B1D5E155B00C96F52 /* Release */,
			);
			defaultConfigurationIsVisible = 0;
			defaultConfigurationName = Release;
		};
/* End XCConfigurationList section */
	};
	rootObject = FC4CDCF31D5E155A00C96F52 /* Project object */;
}
